
Microsoft Visual Studio Solution File, Format Version 12.00
# Visual Studio Version 16
VisualStudioVersion = 16.0.29728.190
MinimumVisualStudioVersion = 10.0.40219.1
Project("{FAE04EC0-301F-11D3-BF4B-00C04F79EFBC}") = "Proyecto", "Proyecto\Proyecto.csproj", "{71C6DE4C-6786-465F-8D12-4369FF17089B}"
EndProject
Global
	GlobalSection(SolutionConfigurationPlatforms) = preSolution
		Debug|Any CPU = Debug|Any CPU
		Release|Any CPU = Release|Any CPU
	EndGlobalSection
	GlobalSection(ProjectConfigurationPlatforms) = postSolution
		{71C6DE4C-6786-465F-8D12-4369FF17089B}.Debug|Any CPU.ActiveCfg = Debug|Any CPU
		{71C6DE4C-6786-465F-8D12-4369FF17089B}.Debug|Any CPU.Build.0 = Debug|Any CPU
		{71C6DE4C-6786-465F-8D12-4369FF17089B}.Release|Any CPU.ActiveCfg = Release|Any CPU
		{71C6DE4C-6786-465F-8D12-4369FF17089B}.Release|Any CPU.Build.0 = Release|Any CPU
	EndGlobalSection
	GlobalSection(SolutionProperties) = preSolution
		HideSolutionNode = FALSE
	EndGlobalSection
	GlobalSection(ExtensibilityGlobals) = postSolution
		SolutionGuid = {960A550E-A3BD-4710-B2BE-C13A2A3272D5}
	EndGlobalSection
EndGlobal
